
Microsoft Visual Studio Solution File, Format Version 12.00
# Visual Studio Version 16
VisualStudioVersion = 16.0.31402.337
MinimumVisualStudioVersion = 10.0.40219.1
Project("{FAE04EC0-301F-11D3-BF4B-00C04F79EFBC}") = "AzureFunctionTodoApi-Copy", "AzureFunctionTodoApi-Copy\AzureFunctionTodoApi-Copy.csproj", "{B3E8DA8C-FE01-4625-8BA0-F6AB0035F3B8}"
EndProject
Global
	GlobalSection(SolutionConfigurationPlatforms) = preSolution
		Debug|Any CPU = Debug|Any CPU
		Release|Any CPU = Release|Any CPU
	EndGlobalSection
	GlobalSection(ProjectConfigurationPlatforms) = postSolution
		{B3E8DA8C-FE01-4625-8BA0-F6AB0035F3B8}.Debug|Any CPU.ActiveCfg = Debug|Any CPU
		{B3E8DA8C-FE01-4625-8BA0-F6AB0035F3B8}.Debug|Any CPU.Build.0 = Debug|Any CPU
		{B3E8DA8C-FE01-4625-8BA0-F6AB0035F3B8}.Release|Any CPU.ActiveCfg = Release|Any CPU
		{B3E8DA8C-FE01-4625-8BA0-F6AB0035F3B8}.Release|Any CPU.Build.0 = Release|Any CPU
	EndGlobalSection
	GlobalSection(SolutionProperties) = preSolution
		HideSolutionNode = FALSE
	EndGlobalSection
	GlobalSection(ExtensibilityGlobals) = postSolution
		SolutionGuid = {E9567955-135D-416F-891E-1314288B8E66}
	EndGlobalSection
EndGlobal
